
Microsoft Visual Studio Solution File, Format Version 12.00
# Visual Studio 15
VisualStudioVersion = 15.0.27130.2026
MinimumVisualStudioVersion = 10.0.40219.1
Project("{FAE04EC0-301F-11D3-BF4B-00C04F79EFBC}") = "Game", "Game\Game.csproj", "{CE996405-EB5F-48BA-BDAE-57E75111CD11}"
EndProject
Global
	GlobalSection(SolutionConfigurationPlatforms) = preSolution
		Debug|Any CPU = Debug|Any CPU
		Release|Any CPU = Release|Any CPU
	EndGlobalSection
	GlobalSection(ProjectConfigurationPlatforms) = postSolution
		{CE996405-EB5F-48BA-BDAE-57E75111CD11}.Debug|Any CPU.ActiveCfg = Debug|Any CPU
		{CE996405-EB5F-48BA-BDAE-57E75111CD11}.Debug|Any CPU.Build.0 = Debug|Any CPU
		{CE996405-EB5F-48BA-BDAE-57E75111CD11}.Release|Any CPU.ActiveCfg = Release|Any CPU
		{CE996405-EB5F-48BA-BDAE-57E75111CD11}.Release|Any CPU.Build.0 = Release|Any CPU
	EndGlobalSection
	GlobalSection(SolutionProperties) = preSolution
		HideSolutionNode = FALSE
	EndGlobalSection
	GlobalSection(ExtensibilityGlobals) = postSolution
		SolutionGuid = {3B40ACE6-6C5B-4641-9139-3D3C777EF9E0}
	EndGlobalSection
EndGlobal
